// !$*UTF8*$!
{
	archiveVersion = 1;
	classes = {
	};
	objectVersion = 56;
	objects = {

/* Begin PBXBuildFile section */
		84BC84702C19910200F32D31 /* CardsApp.swift in Sources */ = {isa = PBXBuildFile; fileRef = 84BC846F2C19910200F32D31 /* CardsApp.swift */; };
		84BC84722C19910200F32D31 /* ContentView.swift in Sources */ = {isa = PBXBuildFile; fileRef = 84BC84712C19910200F32D31 /* ContentView.swift */; };
		84BC84742C19910300F32D31 /* Assets.xcassets in Resources */ = {isa = PBXBuildFile; fileRef = 84BC84732C19910300F32D31 /* Assets.xcassets */; };
		84BC84772C19910300F32D31 /* Preview Assets.xcassets in Resources */ = {isa = PBXBuildFile; fileRef = 84BC84762C19910300F32D31 /* Preview Assets.xcassets */; };
		84BC847E2C19917B00F32D31 /* CardsListView.swift in Sources */ = {isa = PBXBuildFile; fileRef = 84BC847D2C19917B00F32D31 /* CardsListView.swift */; };
		84BC84802C1999E800F32D31 /* CardThumbnail.swift in Sources */ = {isa = PBXBuildFile; fileRef = 84BC847F2C1999E800F32D31 /* CardThumbnail.swift */; };
		84BC84822C199A9100F32D31 /* SingleCardView.swift in Sources */ = {isa = PBXBuildFile; fileRef = 84BC84812C199A9100F32D31 /* SingleCardView.swift */; };
		84BC84842C19AE2000F32D31 /* ToolbarSelection.swift in Sources */ = {isa = PBXBuildFile; fileRef = 84BC84832C19AE2000F32D31 /* ToolbarSelection.swift */; };
		84BC84862C19AE5A00F32D31 /* BottomToolbar.swift in Sources */ = {isa = PBXBuildFile; fileRef = 84BC84852C19AE5A00F32D31 /* BottomToolbar.swift */; };
		84BC848D2C1A217E00F32D31 /* ResizableView.swift in Sources */ = {isa = PBXBuildFile; fileRef = 84BC848C2C1A217E00F32D31 /* ResizableView.swift */; };
		84BC84902C1A228300F32D31 /* Transform.swift in Sources */ = {isa = PBXBuildFile; fileRef = 84BC848F2C1A228300F32D31 /* Transform.swift */; };
		84BC84922C1ABECB00F32D31 /* Operators.swift in Sources */ = {isa = PBXBuildFile; fileRef = 84BC84912C1ABECB00F32D31 /* Operators.swift */; };
		84BC84952C1AF86800F32D31 /* Settings.swift in Sources */ = {isa = PBXBuildFile; fileRef = 84BC84942C1AF86800F32D31 /* Settings.swift */; };
		84BC84982C1AFAAA00F32D31 /* ColorExtensions.swift in Sources */ = {isa = PBXBuildFile; fileRef = 84BC84972C1AFAAA00F32D31 /* ColorExtensions.swift */; };
		84BC849A2C1AFD2800F32D31 /* CardToolbar.swift in Sources */ = {isa = PBXBuildFile; fileRef = 84BC84992C1AFD2800F32D31 /* CardToolbar.swift */; };
		84BC849C2C1B05B300F32D31 /* PreviewData.swift in Sources */ = {isa = PBXBuildFile; fileRef = 84BC849B2C1B05B300F32D31 /* PreviewData.swift */; };
		84BC849E2C1B05E800F32D31 /* TextExtensions.swift in Sources */ = {isa = PBXBuildFile; fileRef = 84BC849D2C1B05E800F32D31 /* TextExtensions.swift */; };
		84BC84A02C1B0CA800F32D31 /* CardElement.swift in Sources */ = {isa = PBXBuildFile; fileRef = 84BC849F2C1B0CA800F32D31 /* CardElement.swift */; };
		84BC84A22C1B0CE100F32D31 /* Card.swift in Sources */ = {isa = PBXBuildFile; fileRef = 84BC84A12C1B0CE100F32D31 /* Card.swift */; };
		84BC84A42C1B0D8900F32D31 /* CardStore.swift in Sources */ = {isa = PBXBuildFile; fileRef = 84BC84A32C1B0D8900F32D31 /* CardStore.swift */; };
		84BC84A62C1D710300F32D31 /* CardDetailView.swift in Sources */ = {isa = PBXBuildFile; fileRef = 84BC84A52C1D710300F32D31 /* CardDetailView.swift */; };
		84BC84AA2C1D721A00F32D31 /* CardElementView.swift in Sources */ = {isa = PBXBuildFile; fileRef = 84BC84A92C1D721A00F32D31 /* CardElementView.swift */; };
		84BC84AE2C1DB31500F32D31 /* Stickers in Resources */ = {isa = PBXBuildFile; fileRef = 84BC84AD2C1DB31500F32D31 /* Stickers */; };
		84BC84B12C1DB49400F32D31 /* StikerModal.swift in Sources */ = {isa = PBXBuildFile; fileRef = 84BC84B02C1DB49400F32D31 /* StikerModal.swift */; };
/* End PBXBuildFile section */

/* Begin PBXFileReference section */
		84BC846C2C19910200F32D31 /* Cards.app */ = {isa = PBXFileReference; explicitFileType = wrapper.application; includeInIndex = 0; path = Cards.app; sourceTree = BUILT_PRODUCTS_DIR; };
		84BC846F2C19910200F32D31 /* CardsApp.swift */ = {isa = PBXFileReference; lastKnownFileType = sourcecode.swift; path = CardsApp.swift; sourceTree = "<group>"; };
		84BC84712C19910200F32D31 /* ContentView.swift */ = {isa = PBXFileReference; lastKnownFileType = sourcecode.swift; path = ContentView.swift; sourceTree = "<group>"; };
		84BC84732C19910300F32D31 /* Assets.xcassets */ = {isa = PBXFileReference; lastKnownFileType = folder.assetcatalog; path = Assets.xcassets; sourceTree = "<group>"; };
		84BC84762C19910300F32D31 /* Preview Assets.xcassets */ = {isa = PBXFileReference; lastKnownFileType = folder.assetcatalog; path = "Preview Assets.xcassets"; sourceTree = "<group>"; };
		84BC847D2C19917B00F32D31 /* CardsListView.swift */ = {isa = PBXFileReference; lastKnownFileType = sourcecode.swift; path = CardsListView.swift; sourceTree = "<group>"; };
		84BC847F2C1999E800F32D31 /* CardThumbnail.swift */ = {isa = PBXFileReference; lastKnownFileType = sourcecode.swift; path = CardThumbnail.swift; sourceTree = "<group>"; };
		84BC84812C199A9100F32D31 /* SingleCardView.swift */ = {isa = PBXFileReference; lastKnownFileType = sourcecode.swift; path = SingleCardView.swift; sourceTree = "<group>"; };
		84BC84832C19AE2000F32D31 /* ToolbarSelection.swift */ = {isa = PBXFileReference; lastKnownFileType = sourcecode.swift; path = ToolbarSelection.swift; sourceTree = "<group>"; };
		84BC84852C19AE5A00F32D31 /* BottomToolbar.swift */ = {isa = PBXFileReference; lastKnownFileType = sourcecode.swift; path = BottomToolbar.swift; sourceTree = "<group>"; };
		84BC848C2C1A217E00F32D31 /* ResizableView.swift */ = {isa = PBXFileReference; lastKnownFileType = sourcecode.swift; path = ResizableView.swift; sourceTree = "<group>"; };
		84BC848F2C1A228300F32D31 /* Transform.swift */ = {isa = PBXFileReference; lastKnownFileType = sourcecode.swift; path = Transform.swift; sourceTree = "<group>"; };
		84BC84912C1ABECB00F32D31 /* Operators.swift */ = {isa = PBXFileReference; lastKnownFileType = sourcecode.swift; path = Operators.swift; sourceTree = "<group>"; };
		84BC84942C1AF86800F32D31 /* Settings.swift */ = {isa = PBXFileReference; lastKnownFileType = sourcecode.swift; path = Settings.swift; sourceTree = "<group>"; };
		84BC84972C1AFAAA00F32D31 /* ColorExtensions.swift */ = {isa = PBXFileReference; lastKnownFileType = sourcecode.swift; path = ColorExtensions.swift; sourceTree = "<group>"; };
		84BC84992C1AFD2800F32D31 /* CardToolbar.swift */ = {isa = PBXFileReference; lastKnownFileType = sourcecode.swift; path = CardToolbar.swift; sourceTree = "<group>"; };
		84BC849B2C1B05B300F32D31 /* PreviewData.swift */ = {isa = PBXFileReference; lastKnownFileType = sourcecode.swift; path = PreviewData.swift; sourceTree = "<group>"; };
		84BC849D2C1B05E800F32D31 /* TextExtensions.swift */ = {isa = PBXFileReference; lastKnownFileType = sourcecode.swift; path = TextExtensions.swift; sourceTree = "<group>"; };
		84BC849F2C1B0CA800F32D31 /* CardElement.swift */ = {isa = PBXFileReference; lastKnownFileType = sourcecode.swift; path = CardElement.swift; sourceTree = "<group>"; };
		84BC84A12C1B0CE100F32D31 /* Card.swift */ = {isa = PBXFileReference; lastKnownFileType = sourcecode.swift; path = Card.swift; sourceTree = "<group>"; };
		84BC84A32C1B0D8900F32D31 /* CardStore.swift */ = {isa = PBXFileReference; lastKnownFileType = sourcecode.swift; path = CardStore.swift; sourceTree = "<group>"; };
		84BC84A52C1D710300F32D31 /* CardDetailView.swift */ = {isa = PBXFileReference; lastKnownFileType = sourcecode.swift; path = CardDetailView.swift; sourceTree = "<group>"; };
		84BC84A92C1D721A00F32D31 /* CardElementView.swift */ = {isa = PBXFileReference; lastKnownFileType = sourcecode.swift; path = CardElementView.swift; sourceTree = "<group>"; };
		84BC84AC2C1DA73700F32D31 /* Info.plist */ = {isa = PBXFileReference; lastKnownFileType = text.plist.xml; path = Info.plist; sourceTree = "<group>"; };
		84BC84AD2C1DB31500F32D31 /* Stickers */ = {isa = PBXFileReference; lastKnownFileType = folder; path = Stickers; sourceTree = "<group>"; };
		84BC84B02C1DB49400F32D31 /* StikerModal.swift */ = {isa = PBXFileReference; lastKnownFileType = sourcecode.swift; path = StikerModal.swift; sourceTree = "<group>"; };
/* End PBXFileReference section */

/* Begin PBXFrameworksBuildPhase section */
		84BC84692C19910200F32D31 /* Frameworks */ = {
			isa = PBXFrameworksBuildPhase;
			buildActionMask = 2147483647;
			files = (
			);
			runOnlyForDeploymentPostprocessing = 0;
		};
/* End PBXFrameworksBuildPhase section */

/* Begin PBXGroup section */
		84BC84632C19910200F32D31 = {
			isa = PBXGroup;
			children = (
				84BC846E2C19910200F32D31 /* Cards */,
				84BC846D2C19910200F32D31 /* Products */,
			);
			sourceTree = "<group>";
		};
		84BC846D2C19910200F32D31 /* Products */ = {
			isa = PBXGroup;
			children = (
				84BC846C2C19910200F32D31 /* Cards.app */,
			);
			name = Products;
			sourceTree = "<group>";
		};
		84BC846E2C19910200F32D31 /* Cards */ = {
			isa = PBXGroup;
			children = (
				84BC84AC2C1DA73700F32D31 /* Info.plist */,
				84BC846F2C19910200F32D31 /* CardsApp.swift */,
				84BC84932C1AF84D00F32D31 /* Config */,
				84BC848A2C19B9D900F32D31 /* Views */,
				84BC84962C1AFA8E00F32D31 /* Extensions */,
				84BC84732C19910300F32D31 /* Assets.xcassets */,
				84BC84AD2C1DB31500F32D31 /* Stickers */,
				84BC84752C19910300F32D31 /* Preview Content */,
			);
			path = Cards;
			sourceTree = "<group>";
		};
		84BC84752C19910300F32D31 /* Preview Content */ = {
			isa = PBXGroup;
			children = (
				84BC84762C19910300F32D31 /* Preview Assets.xcassets */,
				84BC849B2C1B05B300F32D31 /* PreviewData.swift */,
			);
			path = "Preview Content";
			sourceTree = "<group>";
		};
		84BC848A2C19B9D900F32D31 /* Views */ = {
			isa = PBXGroup;
			children = (
				84BC84712C19910200F32D31 /* ContentView.swift */,
				84BC848C2C1A217E00F32D31 /* ResizableView.swift */,
				84BC848E2C1A226700F32D31 /* Model */,
				84BC847D2C19917B00F32D31 /* CardsListView.swift */,
				84BC848B2C19BA4D00F32D31 /* Single Card View */,
				84BC847F2C1999E800F32D31 /* CardThumbnail.swift */,
			);
			path = Views;
			sourceTree = "<group>";
		};
		84BC848B2C19BA4D00F32D31 /* Single Card View */ = {
			isa = PBXGroup;
			children = (
				84BC84AF2C1DB46100F32D31 /* Card Modal Views */,
				84BC84992C1AFD2800F32D31 /* CardToolbar.swift */,
				84BC84832C19AE2000F32D31 /* ToolbarSelection.swift */,
				84BC84812C199A9100F32D31 /* SingleCardView.swift */,
				84BC84A92C1D721A00F32D31 /* CardElementView.swift */,
				84BC84852C19AE5A00F32D31 /* BottomToolbar.swift */,
				84BC84A52C1D710300F32D31 /* CardDetailView.swift */,
			);
			path = "Single Card View";
			sourceTree = "<group>";
		};
		84BC848E2C1A226700F32D31 /* Model */ = {
			isa = PBXGroup;
			children = (
				84BC84912C1ABECB00F32D31 /* Operators.swift */,
				84BC848F2C1A228300F32D31 /* Transform.swift */,
				84BC849F2C1B0CA800F32D31 /* CardElement.swift */,
				84BC84A12C1B0CE100F32D31 /* Card.swift */,
				84BC84A32C1B0D8900F32D31 /* CardStore.swift */,
			);
			path = Model;
			sourceTree = "<group>";
		};
		84BC84932C1AF84D00F32D31 /* Config */ = {
			isa = PBXGroup;
			children = (
				84BC84942C1AF86800F32D31 /* Settings.swift */,
			);
			path = Config;
			sourceTree = "<group>";
		};
		84BC84962C1AFA8E00F32D31 /* Extensions */ = {
			isa = PBXGroup;
			children = (
				84BC84972C1AFAAA00F32D31 /* ColorExtensions.swift */,
				84BC849D2C1B05E800F32D31 /* TextExtensions.swift */,
			);
			path = Extensions;
			sourceTree = "<group>";
		};
		84BC84AF2C1DB46100F32D31 /* Card Modal Views */ = {
			isa = PBXGroup;
			children = (
				84BC84B02C1DB49400F32D31 /* StikerModal.swift */,
			);
			path = "Card Modal Views";
			sourceTree = "<group>";
		};
/* End PBXGroup section */

/* Begin PBXNativeTarget section */
		84BC846B2C19910200F32D31 /* Cards */ = {
			isa = PBXNativeTarget;
			buildConfigurationList = 84BC847A2C19910300F32D31 /* Build configuration list for PBXNativeTarget "Cards" */;
			buildPhases = (
				84BC84682C19910200F32D31 /* Sources */,
				84BC84692C19910200F32D31 /* Frameworks */,
				84BC846A2C19910200F32D31 /* Resources */,
			);
			buildRules = (
			);
			dependencies = (
			);
			name = Cards;
			productName = Cards;
			productReference = 84BC846C2C19910200F32D31 /* Cards.app */;
			productType = "com.apple.product-type.application";
		};
/* End PBXNativeTarget section */

/* Begin PBXProject section */
		84BC84642C19910200F32D31 /* Project object */ = {
			isa = PBXProject;
			attributes = {
				BuildIndependentTargetsInParallel = 1;
				LastSwiftUpdateCheck = 1540;
				LastUpgradeCheck = 1540;
				TargetAttributes = {
					84BC846B2C19910200F32D31 = {
						CreatedOnToolsVersion = 15.4;
					};
				};
			};
			buildConfigurationList = 84BC84672C19910200F32D31 /* Build configuration list for PBXProject "Cards" */;
			compatibilityVersion = "Xcode 14.0";
			developmentRegion = en;
			hasScannedForEncodings = 0;
			knownRegions = (
				en,
				Base,
			);
			mainGroup = 84BC84632C19910200F32D31;
			productRefGroup = 84BC846D2C19910200F32D31 /* Products */;
			projectDirPath = "";
			projectRoot = "";
			targets = (
				84BC846B2C19910200F32D31 /* Cards */,
			);
		};
/* End PBXProject section */

/* Begin PBXResourcesBuildPhase section */
		84BC846A2C19910200F32D31 /* Resources */ = {
			isa = PBXResourcesBuildPhase;
			buildActionMask = 2147483647;
			files = (
				84BC84772C19910300F32D31 /* Preview Assets.xcassets in Resources */,
				84BC84AE2C1DB31500F32D31 /* Stickers in Resources */,
				84BC84742C19910300F32D31 /* Assets.xcassets in Resources */,
			);
			runOnlyForDeploymentPostprocessing = 0;
		};
/* End PBXResourcesBuildPhase section */

/* Begin PBXSourcesBuildPhase section */
		84BC84682C19910200F32D31 /* Sources */ = {
			isa = PBXSourcesBuildPhase;
			buildActionMask = 2147483647;
			files = (
				84BC84A62C1D710300F32D31 /* CardDetailView.swift in Sources */,
				84BC84A02C1B0CA800F32D31 /* CardElement.swift in Sources */,
				84BC84802C1999E800F32D31 /* CardThumbnail.swift in Sources */,
				84BC84922C1ABECB00F32D31 /* Operators.swift in Sources */,
				84BC849A2C1AFD2800F32D31 /* CardToolbar.swift in Sources */,
				84BC84722C19910200F32D31 /* ContentView.swift in Sources */,
				84BC849E2C1B05E800F32D31 /* TextExtensions.swift in Sources */,
				84BC84A22C1B0CE100F32D31 /* Card.swift in Sources */,
				84BC849C2C1B05B300F32D31 /* PreviewData.swift in Sources */,
				84BC84B12C1DB49400F32D31 /* StikerModal.swift in Sources */,
				84BC848D2C1A217E00F32D31 /* ResizableView.swift in Sources */,
				84BC847E2C19917B00F32D31 /* CardsListView.swift in Sources */,
				84BC84822C199A9100F32D31 /* SingleCardView.swift in Sources */,
				84BC84842C19AE2000F32D31 /* ToolbarSelection.swift in Sources */,
				84BC84862C19AE5A00F32D31 /* BottomToolbar.swift in Sources */,
				84BC84902C1A228300F32D31 /* Transform.swift in Sources */,
				84BC84AA2C1D721A00F32D31 /* CardElementView.swift in Sources */,
				84BC84952C1AF86800F32D31 /* Settings.swift in Sources */,
				84BC84A42C1B0D8900F32D31 /* CardStore.swift in Sources */,
				84BC84702C19910200F32D31 /* CardsApp.swift in Sources */,
				84BC84982C1AFAAA00F32D31 /* ColorExtensions.swift in Sources */,
			);
			runOnlyForDeploymentPostprocessing = 0;
		};
/* End PBXSourcesBuildPhase section */

/* Begin XCBuildConfiguration section */
		84BC84782C19910300F32D31 /* Debug */ = {
			isa = XCBuildConfiguration;
			buildSettings = {
				ALWAYS_SEARCH_USER_PATHS = NO;
				ASSETCATALOG_COMPILER_GENERATE_SWIFT_ASSET_SYMBOL_EXTENSIONS = YES;
				CLANG_ANALYZER_NONNULL = YES;
				CLANG_ANALYZER_NUMBER_OBJECT_CONVERSION = YES_AGGRESSIVE;
				CLANG_CXX_LANGUAGE_STANDARD = "gnu++20";
				CLANG_ENABLE_MODULES = YES;
				CLANG_ENABLE_OBJC_ARC = YES;
				CLANG_ENABLE_OBJC_WEAK = YES;
				CLANG_WARN_BLOCK_CAPTURE_AUTORELEASING = YES;
				CLANG_WARN_BOOL_CONVERSION = YES;
				CLANG_WARN_COMMA = YES;
				CLANG_WARN_CONSTANT_CONVERSION = YES;
				CLANG_WARN_DEPRECATED_OBJC_IMPLEMENTATIONS = YES;
				CLANG_WARN_DIRECT_OBJC_ISA_USAGE = YES_ERROR;
				CLANG_WARN_DOCUMENTATION_COMMENTS = YES;
				CLANG_WARN_EMPTY_BODY = YES;
				CLANG_WARN_ENUM_CONVERSION = YES;
				CLANG_WARN_INFINITE_RECURSION = YES;
				CLANG_WARN_INT_CONVERSION = YES;
				CLANG_WARN_NON_LITERAL_NULL_CONVERSION = YES;
				CLANG_WARN_OBJC_IMPLICIT_RETAIN_SELF = YES;
				CLANG_WARN_OBJC_LITERAL_CONVERSION = YES;
				CLANG_WARN_OBJC_ROOT_CLASS = YES_ERROR;
				CLANG_WARN_QUOTED_INCLUDE_IN_FRAMEWORK_HEADER = YES;
				CLANG_WARN_RANGE_LOOP_ANALYSIS = YES;
				CLANG_WARN_STRICT_PROTOTYPES = YES;
				CLANG_WARN_SUSPICIOUS_MOVE = YES;
				CLANG_WARN_UNGUARDED_AVAILABILITY = YES_AGGRESSIVE;
				CLANG_WARN_UNREACHABLE_CODE = YES;
				CLANG_WARN__DUPLICATE_METHOD_MATCH = YES;
				COPY_PHASE_STRIP = NO;
				DEBUG_INFORMATION_FORMAT = dwarf;
				ENABLE_STRICT_OBJC_MSGSEND = YES;
				ENABLE_TESTABILITY = YES;
				ENABLE_USER_SCRIPT_SANDBOXING = YES;
				GCC_C_LANGUAGE_STANDARD = gnu17;
				GCC_DYNAMIC_NO_PIC = NO;
				GCC_NO_COMMON_BLOCKS = YES;
				GCC_OPTIMIZATION_LEVEL = 0;
				GCC_PREPROCESSOR_DEFINITIONS = (
					"DEBUG=1",
					"$(inherited)",
				);
				GCC_WARN_64_TO_32_BIT_CONVERSION = YES;
				GCC_WARN_ABOUT_RETURN_TYPE = YES_ERROR;
				GCC_WARN_UNDECLARED_SELECTOR = YES;
				GCC_WARN_UNINITIALIZED_AUTOS = YES_AGGRESSIVE;
				GCC_WARN_UNUSED_FUNCTION = YES;
				GCC_WARN_UNUSED_VARIABLE = YES;
				IPHONEOS_DEPLOYMENT_TARGET = 17.5;
				LOCALIZATION_PREFERS_STRING_CATALOGS = YES;
				MTL_ENABLE_DEBUG_INFO = INCLUDE_SOURCE;
				MTL_FAST_MATH = YES;
				ONLY_ACTIVE_ARCH = YES;
				SDKROOT = iphoneos;
				SWIFT_ACTIVE_COMPILATION_CONDITIONS = "DEBUG $(inherited)";
				SWIFT_OPTIMIZATION_LEVEL = "-Onone";
			};
			name = Debug;
		};
		84BC84792C19910300F32D31 /* Release */ = {
			isa = XCBuildConfiguration;
			buildSettings = {
				ALWAYS_SEARCH_USER_PATHS = NO;
				ASSETCATALOG_COMPILER_GENERATE_SWIFT_ASSET_SYMBOL_EXTENSIONS = YES;
				CLANG_ANALYZER_NONNULL = YES;
				CLANG_ANALYZER_NUMBER_OBJECT_CONVERSION = YES_AGGRESSIVE;
				CLANG_CXX_LANGUAGE_STANDARD = "gnu++20";
				CLANG_ENABLE_MODULES = YES;
				CLANG_ENABLE_OBJC_ARC = YES;
				CLANG_ENABLE_OBJC_WEAK = YES;
				CLANG_WARN_BLOCK_CAPTURE_AUTORELEASING = YES;
				CLANG_WARN_BOOL_CONVERSION = YES;
				CLANG_WARN_COMMA = YES;
				CLANG_WARN_CONSTANT_CONVERSION = YES;
				CLANG_WARN_DEPRECATED_OBJC_IMPLEMENTATIONS = YES;
				CLANG_WARN_DIRECT_OBJC_ISA_USAGE = YES_ERROR;
				CLANG_WARN_DOCUMENTATION_COMMENTS = YES;
				CLANG_WARN_EMPTY_BODY = YES;
				CLANG_WARN_ENUM_CONVERSION = YES;
				CLANG_WARN_INFINITE_RECURSION = YES;
				CLANG_WARN_INT_CONVERSION = YES;
				CLANG_WARN_NON_LITERAL_NULL_CONVERSION = YES;
				CLANG_WARN_OBJC_IMPLICIT_RETAIN_SELF = YES;
				CLANG_WARN_OBJC_LITERAL_CONVERSION = YES;
				CLANG_WARN_OBJC_ROOT_CLASS = YES_ERROR;
				CLANG_WARN_QUOTED_INCLUDE_IN_FRAMEWORK_HEADER = YES;
				CLANG_WARN_RANGE_LOOP_ANALYSIS = YES;
				CLANG_WARN_STRICT_PROTOTYPES = YES;
				CLANG_WARN_SUSPICIOUS_MOVE = YES;
				CLANG_WARN_UNGUARDED_AVAILABILITY = YES_AGGRESSIVE;
				CLANG_WARN_UNREACHABLE_CODE = YES;
				CLANG_WARN__DUPLICATE_METHOD_MATCH = YES;
				COPY_PHASE_STRIP = NO;
				DEBUG_INFORMATION_FORMAT = "dwarf-with-dsym";
				ENABLE_NS_ASSERTIONS = NO;
				ENABLE_STRICT_OBJC_MSGSEND = YES;
				ENABLE_USER_SCRIPT_SANDBOXING = YES;
				GCC_C_LANGUAGE_STANDARD = gnu17;
				GCC_NO_COMMON_BLOCKS = YES;
				GCC_WARN_64_TO_32_BIT_CONVERSION = YES;
				GCC_WARN_ABOUT_RETURN_TYPE = YES_ERROR;
				GCC_WARN_UNDECLARED_SELECTOR = YES;
				GCC_WARN_UNINITIALIZED_AUTOS = YES_AGGRESSIVE;
				GCC_WARN_UNUSED_FUNCTION = YES;
				GCC_WARN_UNUSED_VARIABLE = YES;
				IPHONEOS_DEPLOYMENT_TARGET = 17.5;
				LOCALIZATION_PREFERS_STRING_CATALOGS = YES;
				MTL_ENABLE_DEBUG_INFO = NO;
				MTL_FAST_MATH = YES;
				SDKROOT = iphoneos;
				SWIFT_COMPILATION_MODE = wholemodule;
				VALIDATE_PRODUCT = YES;
			};
			name = Release;
		};
		84BC847B2C19910300F32D31 /* Debug */ = {
			isa = XCBuildConfiguration;
			buildSettings = {
				ASSETCATALOG_COMPILER_APPICON_NAME = AppIcon;
				ASSETCATALOG_COMPILER_GLOBAL_ACCENT_COLOR_NAME = AccentColor;
				CODE_SIGN_STYLE = Automatic;
				CURRENT_PROJECT_VERSION = 1;
				DEVELOPMENT_ASSET_PATHS = "\"Cards/Preview Content\"";
				DEVELOPMENT_TEAM = GM5NV7TY3F;
				ENABLE_PREVIEWS = YES;
				GENERATE_INFOPLIST_FILE = YES;
				INFOPLIST_FILE = Cards/Info.plist;
				INFOPLIST_KEY_UIApplicationSceneManifest_Generation = YES;
				INFOPLIST_KEY_UIApplicationSupportsIndirectInputEvents = YES;
				INFOPLIST_KEY_UISupportedInterfaceOrientations_iPad = "UIInterfaceOrientationPortrait UIInterfaceOrientationPortraitUpsideDown UIInterfaceOrientationLandscapeLeft UIInterfaceOrientationLandscapeRight";
				INFOPLIST_KEY_UISupportedInterfaceOrientations_iPhone = "UIInterfaceOrientationPortrait UIInterfaceOrientationLandscapeLeft UIInterfaceOrientationLandscapeRight";
				LD_RUNPATH_SEARCH_PATHS = (
					"$(inherited)",
					"@executable_path/Frameworks",
				);
				MARKETING_VERSION = 1.0;
				PRODUCT_BUNDLE_IDENTIFIER = org.roman.Cards;
				PRODUCT_NAME = "$(TARGET_NAME)";
				SWIFT_EMIT_LOC_STRINGS = YES;
				SWIFT_VERSION = 5.0;
				TARGETED_DEVICE_FAMILY = "1,2";
			};
			name = Debug;
		};
		84BC847C2C19910300F32D31 /* Release */ = {
			isa = XCBuildConfiguration;
			buildSettings = {
				ASSETCATALOG_COMPILER_APPICON_NAME = AppIcon;
				ASSETCATALOG_COMPILER_GLOBAL_ACCENT_COLOR_NAME = AccentColor;
				CODE_SIGN_STYLE = Automatic;
				CURRENT_PROJECT_VERSION = 1;
				DEVELOPMENT_ASSET_PATHS = "\"Cards/Preview Content\"";
				DEVELOPMENT_TEAM = GM5NV7TY3F;
				ENABLE_PREVIEWS = YES;
				GENERATE_INFOPLIST_FILE = YES;
				INFOPLIST_FILE = Cards/Info.plist;
				INFOPLIST_KEY_UIApplicationSceneManifest_Generation = YES;
				INFOPLIST_KEY_UIApplicationSupportsIndirectInputEvents = YES;
				INFOPLIST_KEY_UISupportedInterfaceOrientations_iPad = "UIInterfaceOrientationPortrait UIInterfaceOrientationPortraitUpsideDown UIInterfaceOrientationLandscapeLeft UIInterfaceOrientationLandscapeRight";
				INFOPLIST_KEY_UISupportedInterfaceOrientations_iPhone = "UIInterfaceOrientationPortrait UIInterfaceOrientationLandscapeLeft UIInterfaceOrientationLandscapeRight";
				LD_RUNPATH_SEARCH_PATHS = (
					"$(inherited)",
					"@executable_path/Frameworks",
				);
				MARKETING_VERSION = 1.0;
				PRODUCT_BUNDLE_IDENTIFIER = org.roman.Cards;
				PRODUCT_NAME = "$(TARGET_NAME)";
				SWIFT_EMIT_LOC_STRINGS = YES;
				SWIFT_VERSION = 5.0;
				TARGETED_DEVICE_FAMILY = "1,2";
			};
			name = Release;
		};
/* End XCBuildConfiguration section */

/* Begin XCConfigurationList section */
		84BC84672C19910200F32D31 /* Build configuration list for PBXProject "Cards" */ = {
			isa = XCConfigurationList;
			buildConfigurations = (
				84BC84782C19910300F32D31 /* Debug */,
				84BC84792C19910300F32D31 /* Release */,
			);
			defaultConfigurationIsVisible = 0;
			defaultConfigurationName = Release;
		};
		84BC847A2C19910300F32D31 /* Build configuration list for PBXNativeTarget "Cards" */ = {
			isa = XCConfigurationList;
			buildConfigurations = (
				84BC847B2C19910300F32D31 /* Debug */,
				84BC847C2C19910300F32D31 /* Release */,
			);
			defaultConfigurationIsVisible = 0;
			defaultConfigurationName = Release;
		};
/* End XCConfigurationList section */
	};
	rootObject = 84BC84642C19910200F32D31 /* Project object */;
}
